{
  "version": 4,
  "terraform_version": "1.13.1",
  "serial": 13,
  "lineage": "d5fe3839-0a70-fe55-9713-d00bfe43b140",
  "outputs": {
    "app_config_files": {
      "value": [
        "modules/app-stack/output-dev-0.conf",
        "modules/app-stack/output-dev-1.conf"
      ],
      "type": [
        "tuple",
        [
          "string",
          "string"
        ]
      ]
    },
    "app_instance_ids": {
      "value": [
        "7da0c775",
        "e91d1e3c"
      ],
      "type": [
        "tuple",
        [
          "string",
          "string"
        ]
      ]
    },
    "app_service_name": {
      "value": "app-dev",
      "type": "string"
    },
    "key_vault_name": {
      "value": "kv-dev",
      "type": "string"
    },
    "resource_group_name": {
      "value": "rg-dev",
      "type": "string"
    },
    "storage_account_name": {
      "value": "stdevh2gs",
      "type": "string"
    },
    "suggested_storage_name": {
      "value": "stdevh2gs",
      "type": "string"
    },
    "virtual_machine_name": {
      "value": "vm-dev",
      "type": "string"
    }
  },
  "resources": [
    {
      "mode": "managed",
      "type": "local_file",
      "name": "azure_config",
      "provider": "provider[\"registry.terraform.io/hashicorp/local\"]",
      "instances": [
        {
          "schema_version": 0,
          "attributes": {
            "content": "resource_group   = rg-dev\nstorage_account  = stdevh2gs\nkey_vault        = kv-dev\nvirtual_machine  = vm-dev\napp_service      = app-dev\nenvironment      = dev\n",
            "content_base64": null,
            "content_base64sha256": "pKMSMsZa77PyEiG4PzfRj4QGw4jUrNAE0hIi+d2oqDg=",
            "content_base64sha512": "ISVN6wPnCKOUuMCJwat+0k4Q4nT8G+XkkgpjxGxXkmtGNx6sOeqF7nJxIW9i/k7s88prhhIcoiLtw1Ty73AgZA==",
            "content_md5": "0be7e7744d8dfd9e3ffeb8ceff2bc10f",
            "content_sha1": "97fa0ca7ab321de251fbb1b422d0e1c0f6810450",
            "content_sha256": "a4a31232c65aefb3f21221b83f37d18f8406c388d4acd004d21222f9dda8a838",
            "content_sha512": "21254deb03e708a394b8c089c1ab7ed24e10e274fc1be5e4920a63c46c57926b46371eac39ea85ee7271216f62fe4eecf3ca6b86121ca222edc354f2ef702064",
            "directory_permission": "0777",
            "file_permission": "0777",
            "filename": "./rg-dev.conf",
            "id": "97fa0ca7ab321de251fbb1b422d0e1c0f6810450",
            "sensitive_content": null,
            "source": null
          },
          "sensitive_attributes": [
            [
              {
                "type": "get_attr",
                "value": "sensitive_content"
              }
            ]
          ],
          "identity_schema_version": 0,
          "dependencies": [
            "module.naming.random_string.first_letter",
            "module.naming.random_string.main"
          ]
        }
      ]
    },
    {
      "module": "module.app_stack",
      "mode": "managed",
      "type": "local_file",
      "name": "app_config",
      "provider": "provider[\"registry.terraform.io/hashicorp/local\"]",
      "instances": [
        {
          "index_key": 0,
          "schema_version": 0,
          "attributes": {
            "content": "app_name     = my-web-app-0\nenvironment  = dev\ninstance_id  = 7da0c775\ndeployed_at  = 2026-05-12T20:29:11Z\n",
            "content_base64": null,
            "content_base64sha256": "eZNcpMrA1ZixpIVIfGFr4HenlspJQKTQLqmUc7dbIz0=",
            "content_base64sha512": "Q7/xQcxy3o9Yr0KAn6Po0PcRaV4sHd0kbLxtN3aFWMOEyjeyzSLHFFUb3hnSgrkvoKwPOSvjsipfhgWcGVI3Kg==",
            "content_md5": "7cdd8a61653661d56cd8fee71c2fd57c",
            "content_sha1": "d4c7c242416679ac6714da87cdd05836f27c894d",
            "content_sha256": "79935ca4cac0d598b1a485487c616be077a796ca4940a4d02ea99473b75b233d",
            "content_sha512": "43bff141cc72de8f58af42809fa3e8d0f711695e2c1ddd246cbc6d37768558c384ca37b2cd22c714551bde19d282b92fa0ac0f392be3b22a5f86059c1952372a",
            "directory_permission": "0777",
            "file_permission": "0777",
            "filename": "modules/app-stack/output-dev-0.conf",
            "id": "d4c7c242416679ac6714da87cdd05836f27c894d",
            "sensitive_content": null,
            "source": null
          },
          "sensitive_attributes": [
            [
              {
                "type": "get_attr",
                "value": "sensitive_content"
              }
            ]
          ],
          "identity_schema_version": 0,
          "dependencies": [
            "module.app_stack.random_id.app_id"
          ]
        },
        {
          "index_key": 1,
          "schema_version": 0,
          "attributes": {
            "content": "app_name     = my-web-app-1\nenvironment  = dev\ninstance_id  = e91d1e3c\ndeployed_at  = 2026-05-12T20:29:11Z\n",
            "content_base64": null,
            "content_base64sha256": "usU2PfIjuDYJPsI0jbOHV9G8NiI34c5o3gi/9e8nGl8=",
            "content_base64sha512": "VQRM8GGwxqDco3Lh4cNr2B7IfLrvFpdbI9ahDgyoXds/1Zm+F4f7Fp9xsyYVenB6PR52dNCI6xdjgyWHtI93GA==",
            "content_md5": "afbc56a3b1b56a48b3545154738a58bf",
            "content_sha1": "4ea2c066d3741152128ee19077720913aadeb893",
            "content_sha256": "bac5363df223b836093ec2348db38757d1bc362237e1ce68de08bff5ef271a5f",
            "content_sha512": "55044cf061b0c6a0dca372e1e1c36bd81ec87cbaef16975b23d6a10e0ca85ddb3fd599be1787fb169f71b326157a707a3d1e7674d088eb1763832587b48f7718",
            "directory_permission": "0777",
            "file_permission": "0777",
            "filename": "modules/app-stack/output-dev-1.conf",
            "id": "4ea2c066d3741152128ee19077720913aadeb893",
            "sensitive_content": null,
            "source": null
          },
          "sensitive_attributes": [
            [
              {
                "type": "get_attr",
                "value": "sensitive_content"
              }
            ]
          ],
          "identity_schema_version": 0,
          "dependencies": [
            "module.app_stack.random_id.app_id"
          ]
        }
      ]
    },
    {
      "module": "module.app_stack",
      "mode": "managed",
      "type": "random_id",
      "name": "app_id",
      "provider": "provider[\"registry.terraform.io/hashicorp/random\"]",
      "instances": [
        {
          "index_key": 0,
          "schema_version": 0,
          "attributes": {
            "b64_std": "faDHdQ==",
            "b64_url": "faDHdQ",
            "byte_length": 4,
            "dec": "2107688821",
            "hex": "7da0c775",
            "id": "faDHdQ",
            "keepers": null,
            "prefix": null
          },
          "sensitive_attributes": [],
          "identity_schema_version": 0
        },
        {
          "index_key": 1,
          "schema_version": 0,
          "attributes": {
            "b64_std": "6R0ePA==",
            "b64_url": "6R0ePA",
            "byte_length": 4,
            "dec": "3910999612",
            "hex": "e91d1e3c",
            "id": "6R0ePA",
            "keepers": null,
            "prefix": null
          },
          "sensitive_attributes": [],
          "identity_schema_version": 0
        }
      ]
    },
    {
      "module": "module.naming",
      "mode": "managed",
      "type": "random_string",
      "name": "first_letter",
      "provider": "provider[\"registry.terraform.io/hashicorp/random\"]",
      "instances": [
        {
          "schema_version": 2,
          "attributes": {
            "id": "h",
            "keepers": null,
            "length": 1,
            "lower": true,
            "min_lower": 0,
            "min_numeric": 0,
            "min_special": 0,
            "min_upper": 0,
            "number": false,
            "numeric": false,
            "override_special": null,
            "result": "h",
            "special": false,
            "upper": false
          },
          "sensitive_attributes": [],
          "identity_schema_version": 0
        }
      ]
    },
    {
      "module": "module.naming",
      "mode": "managed",
      "type": "random_string",
      "name": "main",
      "provider": "provider[\"registry.terraform.io/hashicorp/random\"]",
      "instances": [
        {
          "schema_version": 2,
          "attributes": {
            "id": "2gsmdfmr87kbhqatafnq4wutmaddcnj6glcsoen8fapr5t2xhzmx77pm80pj",
            "keepers": null,
            "length": 60,
            "lower": true,
            "min_lower": 0,
            "min_numeric": 0,
            "min_special": 0,
            "min_upper": 0,
            "number": true,
            "numeric": true,
            "override_special": null,
            "result": "2gsmdfmr87kbhqatafnq4wutmaddcnj6glcsoen8fapr5t2xhzmx77pm80pj",
            "special": false,
            "upper": false
          },
          "sensitive_attributes": [],
          "identity_schema_version": 0
        }
      ]
    }
  ],
  "check_results": null
}
