{
  "version": 4,
  "terraform_version": "1.13.1",
  "serial": 7,
  "lineage": "d5fe3839-0a70-fe55-9713-d00bfe43b140",
  "outputs": {
    "app_config_files": {
      "value": [
        "modules/app-stack/output-dev-0.conf",
        "modules/app-stack/output-dev-1.conf"
      ],
      "type": [
        "tuple",
        [
          "string",
          "string"
        ]
      ]
    },
    "app_instance_ids": {
      "value": [
        "7da0c775",
        "e91d1e3c"
      ],
      "type": [
        "tuple",
        [
          "string",
          "string"
        ]
      ]
    },
    "suggested_storage_name": {
      "value": "stdevh2gs",
      "type": "string"
    }
  },
  "resources": [
    {
      "module": "module.app_stack",
      "mode": "managed",
      "type": "local_file",
      "name": "app_config",
      "provider": "provider[\"registry.terraform.io/hashicorp/local\"]",
      "instances": [
        {
          "index_key": 0,
          "schema_version": 0,
          "attributes": {
            "content": "app_name     = my-web-app-0\nenvironment  = dev\ninstance_id  = 7da0c775\ndeployed_at  = 2026-05-12T20:00:33Z\n",
            "content_base64": null,
            "content_base64sha256": "OCRc66u022d9l5z7jLlkIafgcsC4LWxret0He7qj+rw=",
            "content_base64sha512": "1/mou3vVG0CuEG+vYURpEH4sN0qGF9E3GR7ulrNoeuEBP2j1G17MXVjiJDI07zKXD2LqLXPJMfoU/x9VRCs/TQ==",
            "content_md5": "f2ca57b88dd5ad97e662e0cca26b0643",
            "content_sha1": "8164a95a0a07345c0b738715f8467db374bd2b19",
            "content_sha256": "38245cebabb4db677d979cfb8cb96421a7e072c0b82d6c6b7add077bbaa3fabc",
            "content_sha512": "d7f9a8bb7bd51b40ae106faf614469107e2c374a8617d137191eee96b3687ae1013f68f51b5ecc5d58e2243234ef32970f62ea2d73c931fa14ff1f55442b3f4d",
            "directory_permission": "0777",
            "file_permission": "0777",
            "filename": "modules/app-stack/output-dev-0.conf",
            "id": "8164a95a0a07345c0b738715f8467db374bd2b19",
            "sensitive_content": null,
            "source": null
          },
          "sensitive_attributes": [
            [
              {
                "type": "get_attr",
                "value": "sensitive_content"
              }
            ]
          ],
          "identity_schema_version": 0,
          "dependencies": [
            "module.app_stack.random_id.app_id"
          ]
        },
        {
          "index_key": 1,
          "schema_version": 0,
          "attributes": {
            "content": "app_name     = my-web-app-1\nenvironment  = dev\ninstance_id  = e91d1e3c\ndeployed_at  = 2026-05-12T20:00:33Z\n",
            "content_base64": null,
            "content_base64sha256": "N3xa477ZgmZJcN3OgTLBM0B6wFa0DGsTwkloCEbMjGY=",
            "content_base64sha512": "VP4kCifuro+hWrnR8bB5udX3HlPudrA8yKc8c4YPPW4yEnCAyQ4jgswaxZubCpNNUfaeRtFx7e6gHxD6NauBKQ==",
            "content_md5": "d7f75ca11f51d21f80c29f141a683bad",
            "content_sha1": "5c9e918e6f47af44b2b254baa83341c985c81016",
            "content_sha256": "377c5ae3bed982664970ddce8132c133407ac056b40c6b13c249680846cc8c66",
            "content_sha512": "54fe240a27eeae8fa15ab9d1f1b079b9d5f71e53ee76b03cc8a73c73860f3d6e32127080c90e2382cc1ac59b9b0a934d51f69e46d171edeea01f10fa35ab8129",
            "directory_permission": "0777",
            "file_permission": "0777",
            "filename": "modules/app-stack/output-dev-1.conf",
            "id": "5c9e918e6f47af44b2b254baa83341c985c81016",
            "sensitive_content": null,
            "source": null
          },
          "sensitive_attributes": [
            [
              {
                "type": "get_attr",
                "value": "sensitive_content"
              }
            ]
          ],
          "identity_schema_version": 0,
          "dependencies": [
            "module.app_stack.random_id.app_id"
          ]
        }
      ]
    },
    {
      "module": "module.app_stack",
      "mode": "managed",
      "type": "random_id",
      "name": "app_id",
      "provider": "provider[\"registry.terraform.io/hashicorp/random\"]",
      "instances": [
        {
          "index_key": 0,
          "schema_version": 0,
          "attributes": {
            "b64_std": "faDHdQ==",
            "b64_url": "faDHdQ",
            "byte_length": 4,
            "dec": "2107688821",
            "hex": "7da0c775",
            "id": "faDHdQ",
            "keepers": null,
            "prefix": null
          },
          "sensitive_attributes": [],
          "identity_schema_version": 0
        },
        {
          "index_key": 1,
          "schema_version": 0,
          "attributes": {
            "b64_std": "6R0ePA==",
            "b64_url": "6R0ePA",
            "byte_length": 4,
            "dec": "3910999612",
            "hex": "e91d1e3c",
            "id": "6R0ePA",
            "keepers": null,
            "prefix": null
          },
          "sensitive_attributes": [],
          "identity_schema_version": 0
        }
      ]
    },
    {
      "module": "module.naming",
      "mode": "managed",
      "type": "random_string",
      "name": "first_letter",
      "provider": "provider[\"registry.terraform.io/hashicorp/random\"]",
      "instances": [
        {
          "schema_version": 2,
          "attributes": {
            "id": "h",
            "keepers": null,
            "length": 1,
            "lower": true,
            "min_lower": 0,
            "min_numeric": 0,
            "min_special": 0,
            "min_upper": 0,
            "number": false,
            "numeric": false,
            "override_special": null,
            "result": "h",
            "special": false,
            "upper": false
          },
          "sensitive_attributes": [],
          "identity_schema_version": 0
        }
      ]
    },
    {
      "module": "module.naming",
      "mode": "managed",
      "type": "random_string",
      "name": "main",
      "provider": "provider[\"registry.terraform.io/hashicorp/random\"]",
      "instances": [
        {
          "schema_version": 2,
          "attributes": {
            "id": "2gsmdfmr87kbhqatafnq4wutmaddcnj6glcsoen8fapr5t2xhzmx77pm80pj",
            "keepers": null,
            "length": 60,
            "lower": true,
            "min_lower": 0,
            "min_numeric": 0,
            "min_special": 0,
            "min_upper": 0,
            "number": true,
            "numeric": true,
            "override_special": null,
            "result": "2gsmdfmr87kbhqatafnq4wutmaddcnj6glcsoen8fapr5t2xhzmx77pm80pj",
            "special": false,
            "upper": false
          },
          "sensitive_attributes": [],
          "identity_schema_version": 0
        }
      ]
    }
  ],
  "check_results": null
}
